
Microsoft Visual Studio Solution File, Format Version 12.00
# Visual Studio Version 17
VisualStudioVersion = 17.14.36310.24 d17.14
MinimumVisualStudioVersion = 10.0.40219.1
Project("{FAE04EC0-301F-11D3-BF4B-00C04F79EFBC}") = "Rapid.MicroApp.ViewModel", "Shared\Rapid.MicroApp.ViewModel\Rapid.MicroApp.ViewModel.csproj", "{0E09353E-F8FE-4D46-A929-BE5A5C74D65D}"
EndProject
Project("{2150E333-8FDC-42A3-9474-1A3956D46DE8}") = "Documents", "Documents", "{02EA681E-C7D8-13C7-8484-4AC65E1B71E8}"
EndProject
Project("{2150E333-8FDC-42A3-9474-1A3956D46DE8}") = "Services", "Services", "{54A847DD-8EA4-40DD-9AC1-90A6312DBD21}"
EndProject
Project("{2150E333-8FDC-42A3-9474-1A3956D46DE8}") = "Shared", "Shared", "{712F2799-2E00-4517-A647-5B70EAB95BB4}"
EndProject
Project("{2150E333-8FDC-42A3-9474-1A3956D46DE8}") = "Events", "Events", "{426D6457-387A-44C8-9263-0B5A93545252}"
EndProject
Project("{FAE04EC0-301F-11D3-BF4B-00C04F79EFBC}") = "Rapid.MicroApp.Event", "Events\Rapid.MicroApp.Event\Rapid.MicroApp.Event.csproj", "{D4C31066-4923-4A29-84F4-DB5571BE6310}"
EndProject
Project("{FAE04EC0-301F-11D3-BF4B-00C04F79EFBC}") = "Rapid.MicroApp.EventHandler", "Events\Rapid.MicroApp.EventHandler\Rapid.MicroApp.EventHandler.csproj", "{05136358-A6E2-4CA3-B0FF-9D9BAC093441}"
EndProject
Project("{FAE04EC0-301F-11D3-BF4B-00C04F79EFBC}") = "Rapid.MicroApp.EventWorker", "Events\Rapid.MicroApp.EventWorker\Rapid.MicroApp.EventWorker.csproj", "{78F1FE50-0107-4833-B169-63129E8CB032}"
EndProject
Project("{2150E333-8FDC-42A3-9474-1A3956D46DE8}") = "Admin", "Admin", "{0796F013-C2C3-42B3-B3B0-C1EE7E75E1BB}"
EndProject
Project("{2150E333-8FDC-42A3-9474-1A3956D46DE8}") = "Setup", "Setup", "{CBF9C367-465E-4CE7-BF9E-B322A2AE2E2A}"
EndProject
Project("{2150E333-8FDC-42A3-9474-1A3956D46DE8}") = "Product", "Product", "{6DC6F3A7-99E8-4127-845D-D494E44FFF0D}"
EndProject
Project("{2150E333-8FDC-42A3-9474-1A3956D46DE8}") = "Order", "Order", "{396A0FBA-563B-47C1-87EB-A088047EDC92}"
EndProject
Project("{FAE04EC0-301F-11D3-BF4B-00C04F79EFBC}") = "Rapid.MicroApp.Admin.Application", "Services\Admin\Rapid.MicroApp.Admin.Application\Rapid.MicroApp.Admin.Application.csproj", "{4E8AD932-06A8-4CD5-9F73-E863E44604F1}"
EndProject
Project("{FAE04EC0-301F-11D3-BF4B-00C04F79EFBC}") = "Rapid.MicroApp.Admin.Domain", "Services\Admin\Rapid.MicroApp.Admin.Domain\Rapid.MicroApp.Admin.Domain.csproj", "{EC019026-2BC5-4B1E-8C85-52128916661C}"
EndProject
Project("{FAE04EC0-301F-11D3-BF4B-00C04F79EFBC}") = "Rapid.MicroApp.Admin.Infrastructure", "Services\Admin\Rapid.MicroApp.Admin.Infrastructure\Rapid.MicroApp.Admin.Infrastructure.csproj", "{CAA3A91F-49D1-4958-AC3C-DAC65682A822}"
EndProject
Project("{FAE04EC0-301F-11D3-BF4B-00C04F79EFBC}") = "Rapid.MicroApp.Setup.Application", "Services\Setup\Rapid.MicroApp.Setup.Application\Rapid.MicroApp.Setup.Application.csproj", "{E11B6093-58F6-49D1-AD1E-239B9B3E4C3A}"
EndProject
Project("{FAE04EC0-301F-11D3-BF4B-00C04F79EFBC}") = "Rapid.MicroApp.Setup.Domain", "Services\Setup\Rapid.MicroApp.Setup.Domain\Rapid.MicroApp.Setup.Domain.csproj", "{26DDAF98-C196-413F-84A8-47FCA28BD220}"
EndProject
Project("{FAE04EC0-301F-11D3-BF4B-00C04F79EFBC}") = "Rapid.MicroApp.Setup.Infrastructure", "Services\Setup\Rapid.MicroApp.Setup.Infrastructure\Rapid.MicroApp.Setup.Infrastructure.csproj", "{8D55FB0F-8EF9-4776-8B39-C4FF4B4F3756}"
EndProject
Project("{FAE04EC0-301F-11D3-BF4B-00C04F79EFBC}") = "Rapid.MicroApp.Product.Application", "Services\Product\Rapid.MicroApp.Product.Application\Rapid.MicroApp.Product.Application.csproj", "{44BF7943-62B6-4C6E-8A36-92F23968432B}"
EndProject
Project("{FAE04EC0-301F-11D3-BF4B-00C04F79EFBC}") = "Rapid.MicroApp.Product.Domain", "Services\Product\Rapid.MicroApp.Product.Domain\Rapid.MicroApp.Product.Domain.csproj", "{F51A9128-01E5-40F1-8272-9C71DC244716}"
EndProject
Project("{FAE04EC0-301F-11D3-BF4B-00C04F79EFBC}") = "Rapid.MicroApp.Product.Infrastructure", "Services\Product\Rapid.MicroApp.Product.Infrastructure\Rapid.MicroApp.Product.Infrastructure.csproj", "{5304BB2A-5780-42EB-85F3-2E2A5E5C4C51}"
EndProject
Project("{FAE04EC0-301F-11D3-BF4B-00C04F79EFBC}") = "Rapid.MicroApp.Order.Application", "Services\Order\Rapid.MicroApp.Order.Application\Rapid.MicroApp.Order.Application.csproj", "{05A58AE2-FAEA-40E8-88FE-EFF115891F99}"
EndProject
Project("{FAE04EC0-301F-11D3-BF4B-00C04F79EFBC}") = "Rapid.MicroApp.Order.Domain", "Services\Order\Rapid.MicroApp.Order.Domain\Rapid.MicroApp.Order.Domain.csproj", "{210BACEA-571D-4218-BF9E-453997000E9C}"
EndProject
Project("{FAE04EC0-301F-11D3-BF4B-00C04F79EFBC}") = "Rapid.MicroApp.Order.Infrastructure", "Services\Order\Rapid.MicroApp.Order.Infrastructure\Rapid.MicroApp.Order.Infrastructure.csproj", "{51FBD4B1-AE3B-42F8-9252-ABCC62243B06}"
EndProject
Project("{FAE04EC0-301F-11D3-BF4B-00C04F79EFBC}") = "Rapid.MicroApp.Admin.WebApi", "Services\Admin\Rapid.MicroApp.Admin.WebApi\Rapid.MicroApp.Admin.WebApi.csproj", "{006C183F-90A2-4FF7-9BCA-4072BCDFEFEB}"
EndProject
Project("{FAE04EC0-301F-11D3-BF4B-00C04F79EFBC}") = "Rapid.MicroApp.Order.WebApi", "Services\Order\Rapid.MicroApp.Order.WebApi\Rapid.MicroApp.Order.WebApi.csproj", "{EE0A6F65-58FF-4F8F-87CB-E42BE1A62B37}"
EndProject
Project("{FAE04EC0-301F-11D3-BF4B-00C04F79EFBC}") = "Rapid.MicroApp.Product.WebApi", "Services\Product\Rapid.MicroApp.Product.WebApi\Rapid.MicroApp.Product.WebApi.csproj", "{30C544AC-1DA9-4E1B-8849-799A53D156F0}"
EndProject
Project("{FAE04EC0-301F-11D3-BF4B-00C04F79EFBC}") = "Rapid.MicroApp.Setup.WebApi", "Services\Setup\Rapid.MicroApp.Setup.WebApi\Rapid.MicroApp.Setup.WebApi.csproj", "{1E0FD132-88C4-4344-8568-56060E85A152}"
EndProject
Project("{FAE04EC0-301F-11D3-BF4B-00C04F79EFBC}") = "Rapid.MicroApp.Core", "Shared\Rapid.MicroApp.Core\Rapid.MicroApp.Core.csproj", "{D10BF291-1F84-4D30-BB35-A01AEBFFB0A2}"
EndProject
Project("{FAE04EC0-301F-11D3-BF4B-00C04F79EFBC}") = "Rapid.MicroApp.EntityModel", "Shared\Rapid.MicroApp.EntityModel\Rapid.MicroApp.EntityModel.csproj", "{D683DA66-F392-4185-9EF3-682C0F4DB135}"
EndProject
Project("{FAE04EC0-301F-11D3-BF4B-00C04F79EFBC}") = "Rapid.MicroApp.Core.Security", "Shared\Rapid.MicroApp.Core.Security\Rapid.MicroApp.Core.Security.csproj", "{985A364F-4B84-4448-A3FD-FD18EF3E38B6}"
EndProject
Global
	GlobalSection(SolutionConfigurationPlatforms) = preSolution
		Debug|Any CPU = Debug|Any CPU
		Release|Any CPU = Release|Any CPU
	EndGlobalSection
	GlobalSection(ProjectConfigurationPlatforms) = postSolution
		{0E09353E-F8FE-4D46-A929-BE5A5C74D65D}.Debug|Any CPU.ActiveCfg = Debug|Any CPU
		{0E09353E-F8FE-4D46-A929-BE5A5C74D65D}.Debug|Any CPU.Build.0 = Debug|Any CPU
		{0E09353E-F8FE-4D46-A929-BE5A5C74D65D}.Release|Any CPU.ActiveCfg = Release|Any CPU
		{0E09353E-F8FE-4D46-A929-BE5A5C74D65D}.Release|Any CPU.Build.0 = Release|Any CPU
		{D4C31066-4923-4A29-84F4-DB5571BE6310}.Debug|Any CPU.ActiveCfg = Debug|Any CPU
		{D4C31066-4923-4A29-84F4-DB5571BE6310}.Debug|Any CPU.Build.0 = Debug|Any CPU
		{D4C31066-4923-4A29-84F4-DB5571BE6310}.Release|Any CPU.ActiveCfg = Release|Any CPU
		{D4C31066-4923-4A29-84F4-DB5571BE6310}.Release|Any CPU.Build.0 = Release|Any CPU
		{05136358-A6E2-4CA3-B0FF-9D9BAC093441}.Debug|Any CPU.ActiveCfg = Debug|Any CPU
		{05136358-A6E2-4CA3-B0FF-9D9BAC093441}.Debug|Any CPU.Build.0 = Debug|Any CPU
		{05136358-A6E2-4CA3-B0FF-9D9BAC093441}.Release|Any CPU.ActiveCfg = Release|Any CPU
		{05136358-A6E2-4CA3-B0FF-9D9BAC093441}.Release|Any CPU.Build.0 = Release|Any CPU
		{78F1FE50-0107-4833-B169-63129E8CB032}.Debug|Any CPU.ActiveCfg = Debug|Any CPU
		{78F1FE50-0107-4833-B169-63129E8CB032}.Debug|Any CPU.Build.0 = Debug|Any CPU
		{78F1FE50-0107-4833-B169-63129E8CB032}.Release|Any CPU.ActiveCfg = Release|Any CPU
		{78F1FE50-0107-4833-B169-63129E8CB032}.Release|Any CPU.Build.0 = Release|Any CPU
		{4E8AD932-06A8-4CD5-9F73-E863E44604F1}.Debug|Any CPU.ActiveCfg = Debug|Any CPU
		{4E8AD932-06A8-4CD5-9F73-E863E44604F1}.Debug|Any CPU.Build.0 = Debug|Any CPU
		{4E8AD932-06A8-4CD5-9F73-E863E44604F1}.Release|Any CPU.ActiveCfg = Release|Any CPU
		{4E8AD932-06A8-4CD5-9F73-E863E44604F1}.Release|Any CPU.Build.0 = Release|Any CPU
		{EC019026-2BC5-4B1E-8C85-52128916661C}.Debug|Any CPU.ActiveCfg = Debug|Any CPU
		{EC019026-2BC5-4B1E-8C85-52128916661C}.Debug|Any CPU.Build.0 = Debug|Any CPU
		{EC019026-2BC5-4B1E-8C85-52128916661C}.Release|Any CPU.ActiveCfg = Release|Any CPU
		{EC019026-2BC5-4B1E-8C85-52128916661C}.Release|Any CPU.Build.0 = Release|Any CPU
		{CAA3A91F-49D1-4958-AC3C-DAC65682A822}.Debug|Any CPU.ActiveCfg = Debug|Any CPU
		{CAA3A91F-49D1-4958-AC3C-DAC65682A822}.Debug|Any CPU.Build.0 = Debug|Any CPU
		{CAA3A91F-49D1-4958-AC3C-DAC65682A822}.Release|Any CPU.ActiveCfg = Release|Any CPU
		{CAA3A91F-49D1-4958-AC3C-DAC65682A822}.Release|Any CPU.Build.0 = Release|Any CPU
		{E11B6093-58F6-49D1-AD1E-239B9B3E4C3A}.Debug|Any CPU.ActiveCfg = Debug|Any CPU
		{E11B6093-58F6-49D1-AD1E-239B9B3E4C3A}.Debug|Any CPU.Build.0 = Debug|Any CPU
		{E11B6093-58F6-49D1-AD1E-239B9B3E4C3A}.Release|Any CPU.ActiveCfg = Release|Any CPU
		{E11B6093-58F6-49D1-AD1E-239B9B3E4C3A}.Release|Any CPU.Build.0 = Release|Any CPU
		{26DDAF98-C196-413F-84A8-47FCA28BD220}.Debug|Any CPU.ActiveCfg = Debug|Any CPU
		{26DDAF98-C196-413F-84A8-47FCA28BD220}.Debug|Any CPU.Build.0 = Debug|Any CPU
		{26DDAF98-C196-413F-84A8-47FCA28BD220}.Release|Any CPU.ActiveCfg = Release|Any CPU
		{26DDAF98-C196-413F-84A8-47FCA28BD220}.Release|Any CPU.Build.0 = Release|Any CPU
		{8D55FB0F-8EF9-4776-8B39-C4FF4B4F3756}.Debug|Any CPU.ActiveCfg = Debug|Any CPU
		{8D55FB0F-8EF9-4776-8B39-C4FF4B4F3756}.Debug|Any CPU.Build.0 = Debug|Any CPU
		{8D55FB0F-8EF9-4776-8B39-C4FF4B4F3756}.Release|Any CPU.ActiveCfg = Release|Any CPU
		{8D55FB0F-8EF9-4776-8B39-C4FF4B4F3756}.Release|Any CPU.Build.0 = Release|Any CPU
		{44BF7943-62B6-4C6E-8A36-92F23968432B}.Debug|Any CPU.ActiveCfg = Debug|Any CPU
		{44BF7943-62B6-4C6E-8A36-92F23968432B}.Debug|Any CPU.Build.0 = Debug|Any CPU
		{44BF7943-62B6-4C6E-8A36-92F23968432B}.Release|Any CPU.ActiveCfg = Release|Any CPU
		{44BF7943-62B6-4C6E-8A36-92F23968432B}.Release|Any CPU.Build.0 = Release|Any CPU
		{F51A9128-01E5-40F1-8272-9C71DC244716}.Debug|Any CPU.ActiveCfg = Debug|Any CPU
		{F51A9128-01E5-40F1-8272-9C71DC244716}.Debug|Any CPU.Build.0 = Debug|Any CPU
		{F51A9128-01E5-40F1-8272-9C71DC244716}.Release|Any CPU.ActiveCfg = Release|Any CPU
		{F51A9128-01E5-40F1-8272-9C71DC244716}.Release|Any CPU.Build.0 = Release|Any CPU
		{5304BB2A-5780-42EB-85F3-2E2A5E5C4C51}.Debug|Any CPU.ActiveCfg = Debug|Any CPU
		{5304BB2A-5780-42EB-85F3-2E2A5E5C4C51}.Debug|Any CPU.Build.0 = Debug|Any CPU
		{5304BB2A-5780-42EB-85F3-2E2A5E5C4C51}.Release|Any CPU.ActiveCfg = Release|Any CPU
		{5304BB2A-5780-42EB-85F3-2E2A5E5C4C51}.Release|Any CPU.Build.0 = Release|Any CPU
		{05A58AE2-FAEA-40E8-88FE-EFF115891F99}.Debug|Any CPU.ActiveCfg = Debug|Any CPU
		{05A58AE2-FAEA-40E8-88FE-EFF115891F99}.Debug|Any CPU.Build.0 = Debug|Any CPU
		{05A58AE2-FAEA-40E8-88FE-EFF115891F99}.Release|Any CPU.ActiveCfg = Release|Any CPU
		{05A58AE2-FAEA-40E8-88FE-EFF115891F99}.Release|Any CPU.Build.0 = Release|Any CPU
		{210BACEA-571D-4218-BF9E-453997000E9C}.Debug|Any CPU.ActiveCfg = Debug|Any CPU
		{210BACEA-571D-4218-BF9E-453997000E9C}.Debug|Any CPU.Build.0 = Debug|Any CPU
		{210BACEA-571D-4218-BF9E-453997000E9C}.Release|Any CPU.ActiveCfg = Release|Any CPU
		{210BACEA-571D-4218-BF9E-453997000E9C}.Release|Any CPU.Build.0 = Release|Any CPU
		{51FBD4B1-AE3B-42F8-9252-ABCC62243B06}.Debug|Any CPU.ActiveCfg = Debug|Any CPU
		{51FBD4B1-AE3B-42F8-9252-ABCC62243B06}.Debug|Any CPU.Build.0 = Debug|Any CPU
		{51FBD4B1-AE3B-42F8-9252-ABCC62243B06}.Release|Any CPU.ActiveCfg = Release|Any CPU
		{51FBD4B1-AE3B-42F8-9252-ABCC62243B06}.Release|Any CPU.Build.0 = Release|Any CPU
		{006C183F-90A2-4FF7-9BCA-4072BCDFEFEB}.Debug|Any CPU.ActiveCfg = Debug|Any CPU
		{006C183F-90A2-4FF7-9BCA-4072BCDFEFEB}.Debug|Any CPU.Build.0 = Debug|Any CPU
		{006C183F-90A2-4FF7-9BCA-4072BCDFEFEB}.Release|Any CPU.ActiveCfg = Release|Any CPU
		{006C183F-90A2-4FF7-9BCA-4072BCDFEFEB}.Release|Any CPU.Build.0 = Release|Any CPU
		{EE0A6F65-58FF-4F8F-87CB-E42BE1A62B37}.Debug|Any CPU.ActiveCfg = Debug|Any CPU
		{EE0A6F65-58FF-4F8F-87CB-E42BE1A62B37}.Debug|Any CPU.Build.0 = Debug|Any CPU
		{EE0A6F65-58FF-4F8F-87CB-E42BE1A62B37}.Release|Any CPU.ActiveCfg = Release|Any CPU
		{EE0A6F65-58FF-4F8F-87CB-E42BE1A62B37}.Release|Any CPU.Build.0 = Release|Any CPU
		{30C544AC-1DA9-4E1B-8849-799A53D156F0}.Debug|Any CPU.ActiveCfg = Debug|Any CPU
		{30C544AC-1DA9-4E1B-8849-799A53D156F0}.Debug|Any CPU.Build.0 = Debug|Any CPU
		{30C544AC-1DA9-4E1B-8849-799A53D156F0}.Release|Any CPU.ActiveCfg = Release|Any CPU
		{30C544AC-1DA9-4E1B-8849-799A53D156F0}.Release|Any CPU.Build.0 = Release|Any CPU
		{1E0FD132-88C4-4344-8568-56060E85A152}.Debug|Any CPU.ActiveCfg = Debug|Any CPU
		{1E0FD132-88C4-4344-8568-56060E85A152}.Debug|Any CPU.Build.0 = Debug|Any CPU
		{1E0FD132-88C4-4344-8568-56060E85A152}.Release|Any CPU.ActiveCfg = Release|Any CPU
		{1E0FD132-88C4-4344-8568-56060E85A152}.Release|Any CPU.Build.0 = Release|Any CPU
		{D10BF291-1F84-4D30-BB35-A01AEBFFB0A2}.Debug|Any CPU.ActiveCfg = Debug|Any CPU
		{D10BF291-1F84-4D30-BB35-A01AEBFFB0A2}.Debug|Any CPU.Build.0 = Debug|Any CPU
		{D10BF291-1F84-4D30-BB35-A01AEBFFB0A2}.Release|Any CPU.ActiveCfg = Release|Any CPU
		{D10BF291-1F84-4D30-BB35-A01AEBFFB0A2}.Release|Any CPU.Build.0 = Release|Any CPU
		{D683DA66-F392-4185-9EF3-682C0F4DB135}.Debug|Any CPU.ActiveCfg = Debug|Any CPU
		{D683DA66-F392-4185-9EF3-682C0F4DB135}.Debug|Any CPU.Build.0 = Debug|Any CPU
		{D683DA66-F392-4185-9EF3-682C0F4DB135}.Release|Any CPU.ActiveCfg = Release|Any CPU
		{D683DA66-F392-4185-9EF3-682C0F4DB135}.Release|Any CPU.Build.0 = Release|Any CPU
		{985A364F-4B84-4448-A3FD-FD18EF3E38B6}.Debug|Any CPU.ActiveCfg = Debug|Any CPU
		{985A364F-4B84-4448-A3FD-FD18EF3E38B6}.Debug|Any CPU.Build.0 = Debug|Any CPU
		{985A364F-4B84-4448-A3FD-FD18EF3E38B6}.Release|Any CPU.ActiveCfg = Release|Any CPU
		{985A364F-4B84-4448-A3FD-FD18EF3E38B6}.Release|Any CPU.Build.0 = Release|Any CPU
	EndGlobalSection
	GlobalSection(SolutionProperties) = preSolution
		HideSolutionNode = FALSE
	EndGlobalSection
	GlobalSection(NestedProjects) = preSolution
		{0E09353E-F8FE-4D46-A929-BE5A5C74D65D} = {712F2799-2E00-4517-A647-5B70EAB95BB4}
		{D4C31066-4923-4A29-84F4-DB5571BE6310} = {426D6457-387A-44C8-9263-0B5A93545252}
		{05136358-A6E2-4CA3-B0FF-9D9BAC093441} = {426D6457-387A-44C8-9263-0B5A93545252}
		{78F1FE50-0107-4833-B169-63129E8CB032} = {426D6457-387A-44C8-9263-0B5A93545252}
		{0796F013-C2C3-42B3-B3B0-C1EE7E75E1BB} = {54A847DD-8EA4-40DD-9AC1-90A6312DBD21}
		{CBF9C367-465E-4CE7-BF9E-B322A2AE2E2A} = {54A847DD-8EA4-40DD-9AC1-90A6312DBD21}
		{6DC6F3A7-99E8-4127-845D-D494E44FFF0D} = {54A847DD-8EA4-40DD-9AC1-90A6312DBD21}
		{396A0FBA-563B-47C1-87EB-A088047EDC92} = {54A847DD-8EA4-40DD-9AC1-90A6312DBD21}
		{4E8AD932-06A8-4CD5-9F73-E863E44604F1} = {0796F013-C2C3-42B3-B3B0-C1EE7E75E1BB}
		{EC019026-2BC5-4B1E-8C85-52128916661C} = {0796F013-C2C3-42B3-B3B0-C1EE7E75E1BB}
		{CAA3A91F-49D1-4958-AC3C-DAC65682A822} = {0796F013-C2C3-42B3-B3B0-C1EE7E75E1BB}
		{E11B6093-58F6-49D1-AD1E-239B9B3E4C3A} = {CBF9C367-465E-4CE7-BF9E-B322A2AE2E2A}
		{26DDAF98-C196-413F-84A8-47FCA28BD220} = {CBF9C367-465E-4CE7-BF9E-B322A2AE2E2A}
		{8D55FB0F-8EF9-4776-8B39-C4FF4B4F3756} = {CBF9C367-465E-4CE7-BF9E-B322A2AE2E2A}
		{44BF7943-62B6-4C6E-8A36-92F23968432B} = {6DC6F3A7-99E8-4127-845D-D494E44FFF0D}
		{F51A9128-01E5-40F1-8272-9C71DC244716} = {6DC6F3A7-99E8-4127-845D-D494E44FFF0D}
		{5304BB2A-5780-42EB-85F3-2E2A5E5C4C51} = {6DC6F3A7-99E8-4127-845D-D494E44FFF0D}
		{05A58AE2-FAEA-40E8-88FE-EFF115891F99} = {396A0FBA-563B-47C1-87EB-A088047EDC92}
		{210BACEA-571D-4218-BF9E-453997000E9C} = {396A0FBA-563B-47C1-87EB-A088047EDC92}
		{51FBD4B1-AE3B-42F8-9252-ABCC62243B06} = {396A0FBA-563B-47C1-87EB-A088047EDC92}
		{006C183F-90A2-4FF7-9BCA-4072BCDFEFEB} = {0796F013-C2C3-42B3-B3B0-C1EE7E75E1BB}
		{EE0A6F65-58FF-4F8F-87CB-E42BE1A62B37} = {396A0FBA-563B-47C1-87EB-A088047EDC92}
		{30C544AC-1DA9-4E1B-8849-799A53D156F0} = {6DC6F3A7-99E8-4127-845D-D494E44FFF0D}
		{1E0FD132-88C4-4344-8568-56060E85A152} = {CBF9C367-465E-4CE7-BF9E-B322A2AE2E2A}
		{D10BF291-1F84-4D30-BB35-A01AEBFFB0A2} = {712F2799-2E00-4517-A647-5B70EAB95BB4}
		{D683DA66-F392-4185-9EF3-682C0F4DB135} = {712F2799-2E00-4517-A647-5B70EAB95BB4}
		{985A364F-4B84-4448-A3FD-FD18EF3E38B6} = {712F2799-2E00-4517-A647-5B70EAB95BB4}
	EndGlobalSection
	GlobalSection(ExtensibilityGlobals) = postSolution
		SolutionGuid = {9ECEA1B4-A8BD-46FF-9BF8-EDDFEF66BDBE}
	EndGlobalSection
EndGlobal
